// !$*UTF8*$!
{
	archiveVersion = 1;
	classes = {
	};
	objectVersion = 51;
	objects = {

/* Begin PBXBuildFile section */
		0734910A236BA51F002BA7D0 /* ForgotPasswordViewController.swift in Sources */ = {isa = PBXBuildFile; fileRef = 07349109236BA51E002BA7D0 /* ForgotPasswordViewController.swift */; };
		076A2E7F2374FB67008BEA5E /* SettingsViewController.swift in Sources */ = {isa = PBXBuildFile; fileRef = 076A2E7E2374FB67008BEA5E /* SettingsViewController.swift */; };
		076E0A2C238DA20D004A7527 /* FriendCell.swift in Sources */ = {isa = PBXBuildFile; fileRef = 076E0A2B238DA20D004A7527 /* FriendCell.swift */; };
		07A349642374F32A00C23FF4 /* TestViewController.swift in Sources */ = {isa = PBXBuildFile; fileRef = 07A349632374F32A00C23FF4 /* TestViewController.swift */; };
		1311820748653AB5C2BECD9E /* Pods_DataDietTests.framework in Frameworks */ = {isa = PBXBuildFile; fileRef = FF4B3C56323FA6DA7B292AF3 /* Pods_DataDietTests.framework */; };
		1A110BCF22C2A28D00ED1D0F /* ProductViewController.swift in Sources */ = {isa = PBXBuildFile; fileRef = 1A110BCE22C2A28D00ED1D0F /* ProductViewController.swift */; };
		1A1428122385D41E009EFF6F /* Product.swift in Sources */ = {isa = PBXBuildFile; fileRef = 1A1428112385D41E009EFF6F /* Product.swift */; };
		1A452D5F238095010063899E /* LoginViewController.swift in Sources */ = {isa = PBXBuildFile; fileRef = 1A452D5E238095010063899E /* LoginViewController.swift */; };
		1A452D612380C3B00063899E /* SignUpViewController.swift in Sources */ = {isa = PBXBuildFile; fileRef = 1A452D602380C3B00063899E /* SignUpViewController.swift */; };
		1A452D632380D64D0063899E /* USDA_API.swift in Sources */ = {isa = PBXBuildFile; fileRef = 1A452D622380D64D0063899E /* USDA_API.swift */; };
		1A55EF6322B888370010681A /* AppDelegate.swift in Sources */ = {isa = PBXBuildFile; fileRef = 1A55EF6222B888370010681A /* AppDelegate.swift */; };
		1A55EF6522B888370010681A /* ScannerViewController.swift in Sources */ = {isa = PBXBuildFile; fileRef = 1A55EF6422B888370010681A /* ScannerViewController.swift */; };
		1A55EF6822B888370010681A /* Main.storyboard in Resources */ = {isa = PBXBuildFile; fileRef = 1A55EF6622B888370010681A /* Main.storyboard */; };
		1A55EF6B22B888370010681A /* DataDiet.xcdatamodeld in Sources */ = {isa = PBXBuildFile; fileRef = 1A55EF6922B888370010681A /* DataDiet.xcdatamodeld */; };
		1A55EF6D22B8883A0010681A /* Assets.xcassets in Resources */ = {isa = PBXBuildFile; fileRef = 1A55EF6C22B8883A0010681A /* Assets.xcassets */; };
		1A55EF7022B8883A0010681A /* LaunchScreen.storyboard in Resources */ = {isa = PBXBuildFile; fileRef = 1A55EF6E22B8883A0010681A /* LaunchScreen.storyboard */; };
		1A55EF7B22B8883A0010681A /* DataDietTests.swift in Sources */ = {isa = PBXBuildFile; fileRef = 1A55EF7A22B8883A0010681A /* DataDietTests.swift */; };
		1A55EF8622B8883A0010681A /* DataDietUITests.swift in Sources */ = {isa = PBXBuildFile; fileRef = 1A55EF8522B8883A0010681A /* DataDietUITests.swift */; };
		1A65522C239615F500D4533B /* SharePersonalSettings.swift in Sources */ = {isa = PBXBuildFile; fileRef = 1A65522B239615F500D4533B /* SharePersonalSettings.swift */; };
		1A6552302396174500D4533B /* EditUsernameViewController.swift in Sources */ = {isa = PBXBuildFile; fileRef = 1A65522D2396174500D4533B /* EditUsernameViewController.swift */; };
		1A6552312396174500D4533B /* EditNameViewController.swift in Sources */ = {isa = PBXBuildFile; fileRef = 1A65522E2396174500D4533B /* EditNameViewController.swift */; };
		1A6552322396174500D4533B /* EditEmailViewController.swift in Sources */ = {isa = PBXBuildFile; fileRef = 1A65522F2396174500D4533B /* EditEmailViewController.swift */; };
		1A655234239618BE00D4533B /* ImportSettingsViewController.swift in Sources */ = {isa = PBXBuildFile; fileRef = 1A655233239618BE00D4533B /* ImportSettingsViewController.swift */; };
		1A70FF1223825BE500932997 /* Constants.swift in Sources */ = {isa = PBXBuildFile; fileRef = 1A70FF1123825BE500932997 /* Constants.swift */; };
		1A7161072393179D00F636A3 /* OpenFoodFactsAPI.swift in Sources */ = {isa = PBXBuildFile; fileRef = 1A7161062393179D00F636A3 /* OpenFoodFactsAPI.swift */; };
		1A71610923931CB700F636A3 /* History.storyboard in Resources */ = {isa = PBXBuildFile; fileRef = 1A71610823931CB700F636A3 /* History.storyboard */; };
		1A7F195D238CC67A001307E8 /* ProductChecker.swift in Sources */ = {isa = PBXBuildFile; fileRef = 1A7F195C238CC67A001307E8 /* ProductChecker.swift */; };
		1A8ED72B23935149004D99D1 /* HistoryViewController.swift in Sources */ = {isa = PBXBuildFile; fileRef = 1A8ED72A23935149004D99D1 /* HistoryViewController.swift */; };
		1AD19E94235A659C0004A331 /* ScannerSettingsController.swift in Sources */ = {isa = PBXBuildFile; fileRef = 1AD19E93235A659C0004A331 /* ScannerSettingsController.swift */; };
		1AEA31E02382994B00E5EECE /* AccountViewController.swift in Sources */ = {isa = PBXBuildFile; fileRef = 1AEA31DF2382994B00E5EECE /* AccountViewController.swift */; };
		1AEA31E42382B16500E5EECE /* Scanner.storyboard in Resources */ = {isa = PBXBuildFile; fileRef = 1AEA31E32382B16500E5EECE /* Scanner.storyboard */; };
		1AEA31E62382B3B800E5EECE /* Settings.storyboard in Resources */ = {isa = PBXBuildFile; fileRef = 1AEA31E52382B3B800E5EECE /* Settings.storyboard */; };
		1AEA31E82382B4C800E5EECE /* Login.storyboard in Resources */ = {isa = PBXBuildFile; fileRef = 1AEA31E72382B4C800E5EECE /* Login.storyboard */; };
		1AEA32102383583000E5EECE /* PersonalSettingsViewController.swift in Sources */ = {isa = PBXBuildFile; fileRef = 1AEA320F2383583000E5EECE /* PersonalSettingsViewController.swift */; };
		1AEA32122384DB8800E5EECE /* Friends.storyboard in Resources */ = {isa = PBXBuildFile; fileRef = 1AEA32112384DB8800E5EECE /* Friends.storyboard */; };
		1AEA32172385334200E5EECE /* GoogleService-Info.plist in Resources */ = {isa = PBXBuildFile; fileRef = 1AEA32162385334200E5EECE /* GoogleService-Info.plist */; };
		1AEA322523855AEB00E5EECE /* ImageSetter.swift in Sources */ = {isa = PBXBuildFile; fileRef = 1AEA322423855AEB00E5EECE /* ImageSetter.swift */; };
		1AF583372395E77500001E60 /* User.swift in Sources */ = {isa = PBXBuildFile; fileRef = 1AF583362395E77500001E60 /* User.swift */; };
		1AF583392395E99000001E60 /* HistoryTableViewCell.swift in Sources */ = {isa = PBXBuildFile; fileRef = 1AF583382395E99000001E60 /* HistoryTableViewCell.swift */; };
		6615872269F611C832AF9575 /* Pods_DataDietUITests.framework in Frameworks */ = {isa = PBXBuildFile; fileRef = 08B8896224CD70110CDE13E1 /* Pods_DataDietUITests.framework */; };
		B4A8E67EB3A8BD597C5CA951 /* Pods_DataDiet.framework in Frameworks */ = {isa = PBXBuildFile; fileRef = 7105B7B72D19721BEF151276 /* Pods_DataDiet.framework */; };
		FE029E412395C90A00FB8F13 /* PendingCell.swift in Sources */ = {isa = PBXBuildFile; fileRef = FE029E3F2395C90A00FB8F13 /* PendingCell.swift */; };
		FE029E422395C90A00FB8F13 /* PendingFriendsViewController.swift in Sources */ = {isa = PBXBuildFile; fileRef = FE029E402395C90A00FB8F13 /* PendingFriendsViewController.swift */; };
		FEDCCD882395CB1100257C3A /* ShareFriendCell.swift in Sources */ = {isa = PBXBuildFile; fileRef = FEDCCD872395CB1100257C3A /* ShareFriendCell.swift */; };
		FEDCCD8A2395CC2600257C3A /* ShareUser.swift in Sources */ = {isa = PBXBuildFile; fileRef = FEDCCD892395CC2600257C3A /* ShareUser.swift */; };
		FEDCCD8C2395CC8200257C3A /* FindFriendsViewController.swift in Sources */ = {isa = PBXBuildFile; fileRef = FEDCCD8B2395CC8200257C3A /* FindFriendsViewController.swift */; };
/* End PBXBuildFile section */

/* Begin PBXContainerItemProxy section */
		1A55EF7722B8883A0010681A /* PBXContainerItemProxy */ = {
			isa = PBXContainerItemProxy;
			containerPortal = 1A55EF5722B888370010681A /* Project object */;
			proxyType = 1;
			remoteGlobalIDString = 1A55EF5E22B888370010681A;
			remoteInfo = DataDiet;
		};
		1A55EF8222B8883A0010681A /* PBXContainerItemProxy */ = {
			isa = PBXContainerItemProxy;
			containerPortal = 1A55EF5722B888370010681A /* Project object */;
			proxyType = 1;
			remoteGlobalIDString = 1A55EF5E22B888370010681A;
			remoteInfo = DataDiet;
		};
/* End PBXContainerItemProxy section */

/* Begin PBXFileReference section */
		07349109236BA51E002BA7D0 /* ForgotPasswordViewController.swift */ = {isa = PBXFileReference; lastKnownFileType = sourcecode.swift; path = ForgotPasswordViewController.swift; sourceTree = "<group>"; };
		076A2E7E2374FB67008BEA5E /* SettingsViewController.swift */ = {isa = PBXFileReference; lastKnownFileType = sourcecode.swift; path = SettingsViewController.swift; sourceTree = "<group>"; };
		076E0A2B238DA20D004A7527 /* FriendCell.swift */ = {isa = PBXFileReference; lastKnownFileType = sourcecode.swift; path = FriendCell.swift; sourceTree = "<group>"; };
		076E0A2D238DA3CF004A7527 /* User.swift */ = {isa = PBXFileReference; lastKnownFileType = sourcecode.swift; path = User.swift; sourceTree = "<group>"; };
		07A349632374F32A00C23FF4 /* TestViewController.swift */ = {isa = PBXFileReference; lastKnownFileType = sourcecode.swift; path = TestViewController.swift; sourceTree = "<group>"; };
		08B8896224CD70110CDE13E1 /* Pods_DataDietUITests.framework */ = {isa = PBXFileReference; explicitFileType = wrapper.framework; includeInIndex = 0; path = Pods_DataDietUITests.framework; sourceTree = BUILT_PRODUCTS_DIR; };
		1A110BCE22C2A28D00ED1D0F /* ProductViewController.swift */ = {isa = PBXFileReference; lastKnownFileType = sourcecode.swift; path = ProductViewController.swift; sourceTree = "<group>"; };
		1A1428112385D41E009EFF6F /* Product.swift */ = {isa = PBXFileReference; lastKnownFileType = sourcecode.swift; path = Product.swift; sourceTree = "<group>"; };
		1A452D5E238095010063899E /* LoginViewController.swift */ = {isa = PBXFileReference; lastKnownFileType = sourcecode.swift; path = LoginViewController.swift; sourceTree = "<group>"; };
		1A452D602380C3B00063899E /* SignUpViewController.swift */ = {isa = PBXFileReference; lastKnownFileType = sourcecode.swift; path = SignUpViewController.swift; sourceTree = "<group>"; };
		1A452D622380D64D0063899E /* USDA_API.swift */ = {isa = PBXFileReference; lastKnownFileType = sourcecode.swift; path = USDA_API.swift; sourceTree = "<group>"; };
		1A55EF5F22B888370010681A /* DataDiet.app */ = {isa = PBXFileReference; explicitFileType = wrapper.application; includeInIndex = 0; path = DataDiet.app; sourceTree = BUILT_PRODUCTS_DIR; };
		1A55EF6222B888370010681A /* AppDelegate.swift */ = {isa = PBXFileReference; lastKnownFileType = sourcecode.swift; path = AppDelegate.swift; sourceTree = "<group>"; };
		1A55EF6422B888370010681A /* ScannerViewController.swift */ = {isa = PBXFileReference; lastKnownFileType = sourcecode.swift; path = ScannerViewController.swift; sourceTree = "<group>"; };
		1A55EF6722B888370010681A /* Base */ = {isa = PBXFileReference; lastKnownFileType = file.storyboard; name = Base; path = Base.lproj/Main.storyboard; sourceTree = "<group>"; };
		1A55EF6A22B888370010681A /* DataDiet.xcdatamodel */ = {isa = PBXFileReference; lastKnownFileType = wrapper.xcdatamodel; path = DataDiet.xcdatamodel; sourceTree = "<group>"; };
		1A55EF6C22B8883A0010681A /* Assets.xcassets */ = {isa = PBXFileReference; lastKnownFileType = folder.assetcatalog; path = Assets.xcassets; sourceTree = "<group>"; };
		1A55EF6F22B8883A0010681A /* Base */ = {isa = PBXFileReference; lastKnownFileType = file.storyboard; name = Base; path = Base.lproj/LaunchScreen.storyboard; sourceTree = "<group>"; };
		1A55EF7122B8883A0010681A /* Info.plist */ = {isa = PBXFileReference; lastKnownFileType = text.plist.xml; path = Info.plist; sourceTree = "<group>"; };
		1A55EF7622B8883A0010681A /* DataDietTests.xctest */ = {isa = PBXFileReference; explicitFileType = wrapper.cfbundle; includeInIndex = 0; path = DataDietTests.xctest; sourceTree = BUILT_PRODUCTS_DIR; };
		1A55EF7A22B8883A0010681A /* DataDietTests.swift */ = {isa = PBXFileReference; lastKnownFileType = sourcecode.swift; path = DataDietTests.swift; sourceTree = "<group>"; };
		1A55EF7C22B8883A0010681A /* Info.plist */ = {isa = PBXFileReference; lastKnownFileType = text.plist.xml; path = Info.plist; sourceTree = "<group>"; };
		1A55EF8122B8883A0010681A /* DataDietUITests.xctest */ = {isa = PBXFileReference; explicitFileType = wrapper.cfbundle; includeInIndex = 0; path = DataDietUITests.xctest; sourceTree = BUILT_PRODUCTS_DIR; };
		1A55EF8522B8883A0010681A /* DataDietUITests.swift */ = {isa = PBXFileReference; lastKnownFileType = sourcecode.swift; path = DataDietUITests.swift; sourceTree = "<group>"; };
		1A55EF8722B8883A0010681A /* Info.plist */ = {isa = PBXFileReference; lastKnownFileType = text.plist.xml; path = Info.plist; sourceTree = "<group>"; };
		1A65522B239615F500D4533B /* SharePersonalSettings.swift */ = {isa = PBXFileReference; fileEncoding = 4; lastKnownFileType = sourcecode.swift; path = SharePersonalSettings.swift; sourceTree = "<group>"; };
		1A65522D2396174500D4533B /* EditUsernameViewController.swift */ = {isa = PBXFileReference; fileEncoding = 4; lastKnownFileType = sourcecode.swift; path = EditUsernameViewController.swift; sourceTree = "<group>"; };
		1A65522E2396174500D4533B /* EditNameViewController.swift */ = {isa = PBXFileReference; fileEncoding = 4; lastKnownFileType = sourcecode.swift; path = EditNameViewController.swift; sourceTree = "<group>"; };
		1A65522F2396174500D4533B /* EditEmailViewController.swift */ = {isa = PBXFileReference; fileEncoding = 4; lastKnownFileType = sourcecode.swift; path = EditEmailViewController.swift; sourceTree = "<group>"; };
		1A655233239618BE00D4533B /* ImportSettingsViewController.swift */ = {isa = PBXFileReference; lastKnownFileType = sourcecode.swift; path = ImportSettingsViewController.swift; sourceTree = "<group>"; };
		1A70FF1123825BE500932997 /* Constants.swift */ = {isa = PBXFileReference; lastKnownFileType = sourcecode.swift; path = Constants.swift; sourceTree = "<group>"; };
		1A7161062393179D00F636A3 /* OpenFoodFactsAPI.swift */ = {isa = PBXFileReference; lastKnownFileType = sourcecode.swift; path = OpenFoodFactsAPI.swift; sourceTree = "<group>"; };
		1A71610823931CB700F636A3 /* History.storyboard */ = {isa = PBXFileReference; fileEncoding = 4; lastKnownFileType = file.storyboard; path = History.storyboard; sourceTree = "<group>"; };
		1A7F195C238CC67A001307E8 /* ProductChecker.swift */ = {isa = PBXFileReference; lastKnownFileType = sourcecode.swift; path = ProductChecker.swift; sourceTree = "<group>"; };
		1A8ED72823935116004D99D1 /* HistoryTableCellController.swift */ = {isa = PBXFileReference; lastKnownFileType = sourcecode.swift; path = HistoryTableCellController.swift; sourceTree = "<group>"; };
		1A8ED72A23935149004D99D1 /* HistoryViewController.swift */ = {isa = PBXFileReference; lastKnownFileType = sourcecode.swift; path = HistoryViewController.swift; sourceTree = "<group>"; };
		1A9B18202395C363005D125C /* User.swift */ = {isa = PBXFileReference; lastKnownFileType = sourcecode.swift; path = User.swift; sourceTree = "<group>"; };
		1A9B18222395D2DD005D125C /* PendingCell.swift */ = {isa = PBXFileReference; fileEncoding = 4; lastKnownFileType = sourcecode.swift; path = PendingCell.swift; sourceTree = "<group>"; };
		1A9B18262395D37C005D125C /* FindFriendsViewController.swift */ = {isa = PBXFileReference; lastKnownFileType = sourcecode.swift; path = FindFriendsViewController.swift; sourceTree = "<group>"; };
		1A9B18282395D583005D125C /* SharePersonalSettings.swift */ = {isa = PBXFileReference; lastKnownFileType = sourcecode.swift; path = SharePersonalSettings.swift; sourceTree = "<group>"; };
		1A9B182A2395D7A1005D125C /* PendingFriendsViewController.swift */ = {isa = PBXFileReference; fileEncoding = 4; lastKnownFileType = sourcecode.swift; path = PendingFriendsViewController.swift; sourceTree = "<group>"; };
		1AD19E93235A659C0004A331 /* ScannerSettingsController.swift */ = {isa = PBXFileReference; lastKnownFileType = sourcecode.swift; path = ScannerSettingsController.swift; sourceTree = "<group>"; };
		1AEA31DF2382994B00E5EECE /* AccountViewController.swift */ = {isa = PBXFileReference; lastKnownFileType = sourcecode.swift; path = AccountViewController.swift; sourceTree = "<group>"; };
		1AEA31E32382B16500E5EECE /* Scanner.storyboard */ = {isa = PBXFileReference; lastKnownFileType = file.storyboard; path = Scanner.storyboard; sourceTree = "<group>"; };
		1AEA31E52382B3B800E5EECE /* Settings.storyboard */ = {isa = PBXFileReference; lastKnownFileType = file.storyboard; path = Settings.storyboard; sourceTree = "<group>"; };
		1AEA31E72382B4C800E5EECE /* Login.storyboard */ = {isa = PBXFileReference; lastKnownFileType = file.storyboard; path = Login.storyboard; sourceTree = "<group>"; };
		1AEA320F2383583000E5EECE /* PersonalSettingsViewController.swift */ = {isa = PBXFileReference; fileEncoding = 4; lastKnownFileType = sourcecode.swift; path = PersonalSettingsViewController.swift; sourceTree = "<group>"; };
		1AEA32112384DB8800E5EECE /* Friends.storyboard */ = {isa = PBXFileReference; lastKnownFileType = file.storyboard; path = Friends.storyboard; sourceTree = "<group>"; };
		1AEA32162385334200E5EECE /* GoogleService-Info.plist */ = {isa = PBXFileReference; fileEncoding = 4; lastKnownFileType = text.plist.xml; name = "GoogleService-Info.plist"; path = "../../GoogleService-Info.plist"; sourceTree = "<group>"; };
		1AEA322423855AEB00E5EECE /* ImageSetter.swift */ = {isa = PBXFileReference; lastKnownFileType = sourcecode.swift; path = ImageSetter.swift; sourceTree = "<group>"; };
		1AF583362395E77500001E60 /* User.swift */ = {isa = PBXFileReference; fileEncoding = 4; lastKnownFileType = sourcecode.swift; path = User.swift; sourceTree = "<group>"; };
		1AF583382395E99000001E60 /* HistoryTableViewCell.swift */ = {isa = PBXFileReference; lastKnownFileType = sourcecode.swift; path = HistoryTableViewCell.swift; sourceTree = "<group>"; };
		52CC160FDE6ECB90BC56AA7A /* Pods-DataDietTests.debug.xcconfig */ = {isa = PBXFileReference; includeInIndex = 1; lastKnownFileType = text.xcconfig; name = "Pods-DataDietTests.debug.xcconfig"; path = "Target Support Files/Pods-DataDietTests/Pods-DataDietTests.debug.xcconfig"; sourceTree = "<group>"; };
		7105B7B72D19721BEF151276 /* Pods_DataDiet.framework */ = {isa = PBXFileReference; explicitFileType = wrapper.framework; includeInIndex = 0; path = Pods_DataDiet.framework; sourceTree = BUILT_PRODUCTS_DIR; };
		9992B9D2AACA2C85753C8DF4 /* Pods-DataDiet.release.xcconfig */ = {isa = PBXFileReference; includeInIndex = 1; lastKnownFileType = text.xcconfig; name = "Pods-DataDiet.release.xcconfig"; path = "Target Support Files/Pods-DataDiet/Pods-DataDiet.release.xcconfig"; sourceTree = "<group>"; };
		B71D21BA48F88DA4C74A08DA /* Pods-DataDietUITests.release.xcconfig */ = {isa = PBXFileReference; includeInIndex = 1; lastKnownFileType = text.xcconfig; name = "Pods-DataDietUITests.release.xcconfig"; path = "Target Support Files/Pods-DataDietUITests/Pods-DataDietUITests.release.xcconfig"; sourceTree = "<group>"; };
		C979BC3D184A055A962993A4 /* Pods-DataDiet.debug.xcconfig */ = {isa = PBXFileReference; includeInIndex = 1; lastKnownFileType = text.xcconfig; name = "Pods-DataDiet.debug.xcconfig"; path = "Target Support Files/Pods-DataDiet/Pods-DataDiet.debug.xcconfig"; sourceTree = "<group>"; };
		D045051A4E6099596673C31E /* Pods-DataDietUITests.debug.xcconfig */ = {isa = PBXFileReference; includeInIndex = 1; lastKnownFileType = text.xcconfig; name = "Pods-DataDietUITests.debug.xcconfig"; path = "Target Support Files/Pods-DataDietUITests/Pods-DataDietUITests.debug.xcconfig"; sourceTree = "<group>"; };
		F44965AD0E0553129565045D /* Pods-DataDietTests.release.xcconfig */ = {isa = PBXFileReference; includeInIndex = 1; lastKnownFileType = text.xcconfig; name = "Pods-DataDietTests.release.xcconfig"; path = "Target Support Files/Pods-DataDietTests/Pods-DataDietTests.release.xcconfig"; sourceTree = "<group>"; };
		FE029E3F2395C90A00FB8F13 /* PendingCell.swift */ = {isa = PBXFileReference; fileEncoding = 4; lastKnownFileType = sourcecode.swift; path = PendingCell.swift; sourceTree = "<group>"; };
		FE029E402395C90A00FB8F13 /* PendingFriendsViewController.swift */ = {isa = PBXFileReference; fileEncoding = 4; lastKnownFileType = sourcecode.swift; path = PendingFriendsViewController.swift; sourceTree = "<group>"; };
		FEDCCD872395CB1100257C3A /* ShareFriendCell.swift */ = {isa = PBXFileReference; lastKnownFileType = sourcecode.swift; path = ShareFriendCell.swift; sourceTree = "<group>"; };
		FEDCCD892395CC2600257C3A /* ShareUser.swift */ = {isa = PBXFileReference; lastKnownFileType = sourcecode.swift; path = ShareUser.swift; sourceTree = "<group>"; };
		FEDCCD8B2395CC8200257C3A /* FindFriendsViewController.swift */ = {isa = PBXFileReference; fileEncoding = 4; lastKnownFileType = sourcecode.swift; path = FindFriendsViewController.swift; sourceTree = "<group>"; };
		FF4B3C56323FA6DA7B292AF3 /* Pods_DataDietTests.framework */ = {isa = PBXFileReference; explicitFileType = wrapper.framework; includeInIndex = 0; path = Pods_DataDietTests.framework; sourceTree = BUILT_PRODUCTS_DIR; };
/* End PBXFileReference section */

/* Begin PBXFrameworksBuildPhase section */
		1A55EF5C22B888370010681A /* Frameworks */ = {
			isa = PBXFrameworksBuildPhase;
			buildActionMask = 2147483647;
			files = (
				B4A8E67EB3A8BD597C5CA951 /* Pods_DataDiet.framework in Frameworks */,
			);
			runOnlyForDeploymentPostprocessing = 0;
		};
		1A55EF7322B8883A0010681A /* Frameworks */ = {
			isa = PBXFrameworksBuildPhase;
			buildActionMask = 2147483647;
			files = (
				1311820748653AB5C2BECD9E /* Pods_DataDietTests.framework in Frameworks */,
			);
			runOnlyForDeploymentPostprocessing = 0;
		};
		1A55EF7E22B8883A0010681A /* Frameworks */ = {
			isa = PBXFrameworksBuildPhase;
			buildActionMask = 2147483647;
			files = (
				6615872269F611C832AF9575 /* Pods_DataDietUITests.framework in Frameworks */,
			);
			runOnlyForDeploymentPostprocessing = 0;
		};
/* End PBXFrameworksBuildPhase section */

/* Begin PBXGroup section */
		1A1428132385D425009EFF6F /* Models */ = {
			isa = PBXGroup;
			children = (
				1A1428112385D41E009EFF6F /* Product.swift */,
				1AF583362395E77500001E60 /* User.swift */,
				FEDCCD892395CC2600257C3A /* ShareUser.swift */,
			);
			path = Models;
			sourceTree = "<group>";
		};
		1A55EF5622B888370010681A = {
			isa = PBXGroup;
			children = (
				1A55EF6122B888370010681A /* DataDiet */,
				1A55EF7922B8883A0010681A /* DataDietTests */,
				1A55EF8422B8883A0010681A /* DataDietUITests */,
				1A55EF6022B888370010681A /* Products */,
				5AE284F3C4A25A78628CF028 /* Pods */,
				1A9B181F2395C28C005D125C /* Recovered References */,
				98C8DBE8F3045B5C6D8DEC53 /* Frameworks */,
			);
			sourceTree = "<group>";
		};
		1A55EF6022B888370010681A /* Products */ = {
			isa = PBXGroup;
			children = (
				1A55EF5F22B888370010681A /* DataDiet.app */,
				1A55EF7622B8883A0010681A /* DataDietTests.xctest */,
				1A55EF8122B8883A0010681A /* DataDietUITests.xctest */,
			);
			name = Products;
			sourceTree = "<group>";
		};
		1A55EF6122B888370010681A /* DataDiet */ = {
			isa = PBXGroup;
			children = (
				1A1428132385D425009EFF6F /* Models */,
				1A55EF6222B888370010681A /* AppDelegate.swift */,
				1AD19E91235A63880004A331 /* View Controllers */,
				1AEA322223855AA100E5EECE /* Modules */,
				1AEA31E22382AFB500E5EECE /* Storyboards */,
				1A55EF6C22B8883A0010681A /* Assets.xcassets */,
				1AEA32162385334200E5EECE /* GoogleService-Info.plist */,
				1A55EF7122B8883A0010681A /* Info.plist */,
				1A55EF6922B888370010681A /* DataDiet.xcdatamodeld */,
				1A70FF1123825BE500932997 /* Constants.swift */,
			);
			path = DataDiet;
			sourceTree = "<group>";
		};
		1A55EF7922B8883A0010681A /* DataDietTests */ = {
			isa = PBXGroup;
			children = (
				1A55EF7A22B8883A0010681A /* DataDietTests.swift */,
				1A55EF7C22B8883A0010681A /* Info.plist */,
			);
			path = DataDietTests;
			sourceTree = "<group>";
		};
		1A55EF8422B8883A0010681A /* DataDietUITests */ = {
			isa = PBXGroup;
			children = (
				1A55EF8522B8883A0010681A /* DataDietUITests.swift */,
				1A55EF8722B8883A0010681A /* Info.plist */,
			);
			path = DataDietUITests;
			sourceTree = "<group>";
		};
		1A8ED727239350E1004D99D1 /* History */ = {
			isa = PBXGroup;
			children = (
				1A8ED72823935116004D99D1 /* HistoryTableCellController.swift */,
				1A8ED72A23935149004D99D1 /* HistoryViewController.swift */,
				1AF583382395E99000001E60 /* HistoryTableViewCell.swift */,
			);
			path = History;
			sourceTree = "<group>";
		};
		1A9B181F2395C28C005D125C /* Recovered References */ = {
			isa = PBXGroup;
			children = (
				076E0A2D238DA3CF004A7527 /* User.swift */,
				1A9B18262395D37C005D125C /* FindFriendsViewController.swift */,
				1A9B18202395C363005D125C /* User.swift */,
				1A9B182A2395D7A1005D125C /* PendingFriendsViewController.swift */,
				1A9B18282395D583005D125C /* SharePersonalSettings.swift */,
				1A9B18222395D2DD005D125C /* PendingCell.swift */,
			);
			name = "Recovered References";
			sourceTree = "<group>";
		};
		1AD19E91235A63880004A331 /* View Controllers */ = {
			isa = PBXGroup;
			children = (
				1A8ED727239350E1004D99D1 /* History */,
				1AEA32212385599C00E5EECE /* Friends */,
				1AEA32202385599400E5EECE /* User Authenication */,
				1AEA321F2385598300E5EECE /* Settings */,
				1AEA321E2385596D00E5EECE /* Product Scanner */,
			);
			path = "View Controllers";
			sourceTree = "<group>";
		};
		1AEA31E22382AFB500E5EECE /* Storyboards */ = {
			isa = PBXGroup;
			children = (
				1A55EF6E22B8883A0010681A /* LaunchScreen.storyboard */,
				1A55EF6622B888370010681A /* Main.storyboard */,
				1A71610823931CB700F636A3 /* History.storyboard */,
				1AEA31E32382B16500E5EECE /* Scanner.storyboard */,
				1AEA31E52382B3B800E5EECE /* Settings.storyboard */,
				1AEA31E72382B4C800E5EECE /* Login.storyboard */,
				1AEA32112384DB8800E5EECE /* Friends.storyboard */,
			);
			path = Storyboards;
			sourceTree = "<group>";
		};
		1AEA321E2385596D00E5EECE /* Product Scanner */ = {
			isa = PBXGroup;
			children = (
				1A55EF6422B888370010681A /* ScannerViewController.swift */,
				1A110BCE22C2A28D00ED1D0F /* ProductViewController.swift */,
			);
			path = "Product Scanner";
			sourceTree = "<group>";
		};
		1AEA321F2385598300E5EECE /* Settings */ = {
			isa = PBXGroup;
			children = (
				1A65522F2396174500D4533B /* EditEmailViewController.swift */,
				1A65522E2396174500D4533B /* EditNameViewController.swift */,
				1A65522D2396174500D4533B /* EditUsernameViewController.swift */,
				076A2E7E2374FB67008BEA5E /* SettingsViewController.swift */,
				1AD19E93235A659C0004A331 /* ScannerSettingsController.swift */,
				1AEA320F2383583000E5EECE /* PersonalSettingsViewController.swift */,
				1AEA31DF2382994B00E5EECE /* AccountViewController.swift */,
				FEDCCD872395CB1100257C3A /* ShareFriendCell.swift */,
				1A655233239618BE00D4533B /* ImportSettingsViewController.swift */,
			);
			path = Settings;
			sourceTree = "<group>";
		};
		1AEA32202385599400E5EECE /* User Authenication */ = {
			isa = PBXGroup;
			children = (
				1A452D5E238095010063899E /* LoginViewController.swift */,
				1A452D602380C3B00063899E /* SignUpViewController.swift */,
				07349109236BA51E002BA7D0 /* ForgotPasswordViewController.swift */,
				07A349632374F32A00C23FF4 /* TestViewController.swift */,
			);
			path = "User Authenication";
			sourceTree = "<group>";
		};
		1AEA32212385599C00E5EECE /* Friends */ = {
			isa = PBXGroup;
			children = (
				FE029E3F2395C90A00FB8F13 /* PendingCell.swift */,
				FE029E402395C90A00FB8F13 /* PendingFriendsViewController.swift */,
				076E0A2B238DA20D004A7527 /* FriendCell.swift */,
				FEDCCD8B2395CC8200257C3A /* FindFriendsViewController.swift */,
				1A65522B239615F500D4533B /* SharePersonalSettings.swift */,
			);
			path = Friends;
			sourceTree = "<group>";
		};
		1AEA322223855AA100E5EECE /* Modules */ = {
			isa = PBXGroup;
			children = (
				1A452D622380D64D0063899E /* USDA_API.swift */,
				1A7161062393179D00F636A3 /* OpenFoodFactsAPI.swift */,
				1AEA322423855AEB00E5EECE /* ImageSetter.swift */,
				1A7F195C238CC67A001307E8 /* ProductChecker.swift */,
			);
			path = Modules;
			sourceTree = "<group>";
		};
		5AE284F3C4A25A78628CF028 /* Pods */ = {
			isa = PBXGroup;
			children = (
				C979BC3D184A055A962993A4 /* Pods-DataDiet.debug.xcconfig */,
				9992B9D2AACA2C85753C8DF4 /* Pods-DataDiet.release.xcconfig */,
				52CC160FDE6ECB90BC56AA7A /* Pods-DataDietTests.debug.xcconfig */,
				F44965AD0E0553129565045D /* Pods-DataDietTests.release.xcconfig */,
				D045051A4E6099596673C31E /* Pods-DataDietUITests.debug.xcconfig */,
				B71D21BA48F88DA4C74A08DA /* Pods-DataDietUITests.release.xcconfig */,
			);
			path = Pods;
			sourceTree = "<group>";
		};
		98C8DBE8F3045B5C6D8DEC53 /* Frameworks */ = {
			isa = PBXGroup;
			children = (
				7105B7B72D19721BEF151276 /* Pods_DataDiet.framework */,
				FF4B3C56323FA6DA7B292AF3 /* Pods_DataDietTests.framework */,
				08B8896224CD70110CDE13E1 /* Pods_DataDietUITests.framework */,
			);
			name = Frameworks;
			sourceTree = "<group>";
		};
/* End PBXGroup section */

/* Begin PBXNativeTarget section */
		1A55EF5E22B888370010681A /* DataDiet */ = {
			isa = PBXNativeTarget;
			buildConfigurationList = 1A55EF8A22B8883A0010681A /* Build configuration list for PBXNativeTarget "DataDiet" */;
			buildPhases = (
				13D0590DA64C36B39A236E0D /* [CP] Check Pods Manifest.lock */,
				1A55EF5B22B888370010681A /* Sources */,
				1A55EF5C22B888370010681A /* Frameworks */,
				1A55EF5D22B888370010681A /* Resources */,
				049C831FAEDDC3E5F0ECECB7 /* [CP] Embed Pods Frameworks */,
				7D44A668983E7AFB9D687862 /* [CP] Copy Pods Resources */,
			);
			buildRules = (
			);
			dependencies = (
			);
			name = DataDiet;
			productName = DataDiet;
			productReference = 1A55EF5F22B888370010681A /* DataDiet.app */;
			productType = "com.apple.product-type.application";
		};
		1A55EF7522B8883A0010681A /* DataDietTests */ = {
			isa = PBXNativeTarget;
			buildConfigurationList = 1A55EF8D22B8883A0010681A /* Build configuration list for PBXNativeTarget "DataDietTests" */;
			buildPhases = (
				B055580CB255E25EFCD4C8C8 /* [CP] Check Pods Manifest.lock */,
				1A55EF7222B8883A0010681A /* Sources */,
				1A55EF7322B8883A0010681A /* Frameworks */,
				1A55EF7422B8883A0010681A /* Resources */,
			);
			buildRules = (
			);
			dependencies = (
				1A55EF7822B8883A0010681A /* PBXTargetDependency */,
			);
			name = DataDietTests;
			productName = DataDietTests;
			productReference = 1A55EF7622B8883A0010681A /* DataDietTests.xctest */;
			productType = "com.apple.product-type.bundle.unit-test";
		};
		1A55EF8022B8883A0010681A /* DataDietUITests */ = {
			isa = PBXNativeTarget;
			buildConfigurationList = 1A55EF9022B8883A0010681A /* Build configuration list for PBXNativeTarget "DataDietUITests" */;
			buildPhases = (
				B2FF87727BAAEA96BAD3E282 /* [CP] Check Pods Manifest.lock */,
				1A55EF7D22B8883A0010681A /* Sources */,
				1A55EF7E22B8883A0010681A /* Frameworks */,
				1A55EF7F22B8883A0010681A /* Resources */,
			);
			buildRules = (
			);
			dependencies = (
				1A55EF8322B8883A0010681A /* PBXTargetDependency */,
			);
			name = DataDietUITests;
			productName = DataDietUITests;
			productReference = 1A55EF8122B8883A0010681A /* DataDietUITests.xctest */;
			productType = "com.apple.product-type.bundle.ui-testing";
		};
/* End PBXNativeTarget section */

/* Begin PBXProject section */
		1A55EF5722B888370010681A /* Project object */ = {
			isa = PBXProject;
			attributes = {
				LastSwiftUpdateCheck = 1020;
				LastUpgradeCheck = 1020;
				ORGANIZATIONNAME = DataDiet;
				TargetAttributes = {
					1A55EF5E22B888370010681A = {
						CreatedOnToolsVersion = 10.2.1;
					};
					1A55EF7522B8883A0010681A = {
						CreatedOnToolsVersion = 10.2.1;
						TestTargetID = 1A55EF5E22B888370010681A;
					};
					1A55EF8022B8883A0010681A = {
						CreatedOnToolsVersion = 10.2.1;
						TestTargetID = 1A55EF5E22B888370010681A;
					};
				};
			};
			buildConfigurationList = 1A55EF5A22B888370010681A /* Build configuration list for PBXProject "DataDiet" */;
			compatibilityVersion = "Xcode 9.3";
			developmentRegion = en;
			hasScannedForEncodings = 0;
			knownRegions = (
				en,
				Base,
			);
			mainGroup = 1A55EF5622B888370010681A;
			productRefGroup = 1A55EF6022B888370010681A /* Products */;
			projectDirPath = "";
			projectRoot = "";
			targets = (
				1A55EF5E22B888370010681A /* DataDiet */,
				1A55EF7522B8883A0010681A /* DataDietTests */,
				1A55EF8022B8883A0010681A /* DataDietUITests */,
			);
		};
/* End PBXProject section */

/* Begin PBXResourcesBuildPhase section */
		1A55EF5D22B888370010681A /* Resources */ = {
			isa = PBXResourcesBuildPhase;
			buildActionMask = 2147483647;
			files = (
				1A55EF7022B8883A0010681A /* LaunchScreen.storyboard in Resources */,
				1AEA32172385334200E5EECE /* GoogleService-Info.plist in Resources */,
				1A55EF6D22B8883A0010681A /* Assets.xcassets in Resources */,
				1AEA31E62382B3B800E5EECE /* Settings.storyboard in Resources */,
				1AEA32122384DB8800E5EECE /* Friends.storyboard in Resources */,
				1AEA31E42382B16500E5EECE /* Scanner.storyboard in Resources */,
				1A55EF6822B888370010681A /* Main.storyboard in Resources */,
				1AEA31E82382B4C800E5EECE /* Login.storyboard in Resources */,
				1A71610923931CB700F636A3 /* History.storyboard in Resources */,
			);
			runOnlyForDeploymentPostprocessing = 0;
		};
		1A55EF7422B8883A0010681A /* Resources */ = {
			isa = PBXResourcesBuildPhase;
			buildActionMask = 2147483647;
			files = (
			);
			runOnlyForDeploymentPostprocessing = 0;
		};
		1A55EF7F22B8883A0010681A /* Resources */ = {
			isa = PBXResourcesBuildPhase;
			buildActionMask = 2147483647;
			files = (
			);
			runOnlyForDeploymentPostprocessing = 0;
		};
/* End PBXResourcesBuildPhase section */

/* Begin PBXShellScriptBuildPhase section */
		049C831FAEDDC3E5F0ECECB7 /* [CP] Embed Pods Frameworks */ = {
			isa = PBXShellScriptBuildPhase;
			buildActionMask = 2147483647;
			files = (
			);
			inputFileListPaths = (
				"${PODS_ROOT}/Target Support Files/Pods-DataDiet/Pods-DataDiet-frameworks-${CONFIGURATION}-input-files.xcfilelist",
			);
			name = "[CP] Embed Pods Frameworks";
			outputFileListPaths = (
				"${PODS_ROOT}/Target Support Files/Pods-DataDiet/Pods-DataDiet-frameworks-${CONFIGURATION}-output-files.xcfilelist",
			);
			runOnlyForDeploymentPostprocessing = 0;
			shellPath = /bin/sh;
			shellScript = "\"${PODS_ROOT}/Target Support Files/Pods-DataDiet/Pods-DataDiet-frameworks.sh\"\n";
			showEnvVarsInLog = 0;
		};
		13D0590DA64C36B39A236E0D /* [CP] Check Pods Manifest.lock */ = {
			isa = PBXShellScriptBuildPhase;
			buildActionMask = 2147483647;
			files = (
			);
			inputFileListPaths = (
			);
			inputPaths = (
				"${PODS_PODFILE_DIR_PATH}/Podfile.lock",
				"${PODS_ROOT}/Manifest.lock",
			);
			name = "[CP] Check Pods Manifest.lock";
			outputFileListPaths = (
			);
			outputPaths = (
				"$(DERIVED_FILE_DIR)/Pods-DataDiet-checkManifestLockResult.txt",
			);
			runOnlyForDeploymentPostprocessing = 0;
			shellPath = /bin/sh;
			shellScript = "diff \"${PODS_PODFILE_DIR_PATH}/Podfile.lock\" \"${PODS_ROOT}/Manifest.lock\" > /dev/null\nif [ $? != 0 ] ; then\n    # print error to STDERR\n    echo \"error: The sandbox is not in sync with the Podfile.lock. Run 'pod install' or update your CocoaPods installation.\" >&2\n    exit 1\nfi\n# This output is used by Xcode 'outputs' to avoid re-running this script phase.\necho \"SUCCESS\" > \"${SCRIPT_OUTPUT_FILE_0}\"\n";
			showEnvVarsInLog = 0;
		};
		7D44A668983E7AFB9D687862 /* [CP] Copy Pods Resources */ = {
			isa = PBXShellScriptBuildPhase;
			buildActionMask = 2147483647;
			files = (
			);
			inputFileListPaths = (
				"${PODS_ROOT}/Target Support Files/Pods-DataDiet/Pods-DataDiet-resources-${CONFIGURATION}-input-files.xcfilelist",
			);
			name = "[CP] Copy Pods Resources";
			outputFileListPaths = (
				"${PODS_ROOT}/Target Support Files/Pods-DataDiet/Pods-DataDiet-resources-${CONFIGURATION}-output-files.xcfilelist",
			);
			runOnlyForDeploymentPostprocessing = 0;
			shellPath = /bin/sh;
			shellScript = "\"${PODS_ROOT}/Target Support Files/Pods-DataDiet/Pods-DataDiet-resources.sh\"\n";
			showEnvVarsInLog = 0;
		};
		B055580CB255E25EFCD4C8C8 /* [CP] Check Pods Manifest.lock */ = {
			isa = PBXShellScriptBuildPhase;
			buildActionMask = 2147483647;
			files = (
			);
			inputFileListPaths = (
			);
			inputPaths = (
				"${PODS_PODFILE_DIR_PATH}/Podfile.lock",
				"${PODS_ROOT}/Manifest.lock",
			);
			name = "[CP] Check Pods Manifest.lock";
			outputFileListPaths = (
			);
			outputPaths = (
				"$(DERIVED_FILE_DIR)/Pods-DataDietTests-checkManifestLockResult.txt",
			);
			runOnlyForDeploymentPostprocessing = 0;
			shellPath = /bin/sh;
			shellScript = "diff \"${PODS_PODFILE_DIR_PATH}/Podfile.lock\" \"${PODS_ROOT}/Manifest.lock\" > /dev/null\nif [ $? != 0 ] ; then\n    # print error to STDERR\n    echo \"error: The sandbox is not in sync with the Podfile.lock. Run 'pod install' or update your CocoaPods installation.\" >&2\n    exit 1\nfi\n# This output is used by Xcode 'outputs' to avoid re-running this script phase.\necho \"SUCCESS\" > \"${SCRIPT_OUTPUT_FILE_0}\"\n";
			showEnvVarsInLog = 0;
		};
		B2FF87727BAAEA96BAD3E282 /* [CP] Check Pods Manifest.lock */ = {
			isa = PBXShellScriptBuildPhase;
			buildActionMask = 2147483647;
			files = (
			);
			inputFileListPaths = (
			);
			inputPaths = (
				"${PODS_PODFILE_DIR_PATH}/Podfile.lock",
				"${PODS_ROOT}/Manifest.lock",
			);
			name = "[CP] Check Pods Manifest.lock";
			outputFileListPaths = (
			);
			outputPaths = (
				"$(DERIVED_FILE_DIR)/Pods-DataDietUITests-checkManifestLockResult.txt",
			);
			runOnlyForDeploymentPostprocessing = 0;
			shellPath = /bin/sh;
			shellScript = "diff \"${PODS_PODFILE_DIR_PATH}/Podfile.lock\" \"${PODS_ROOT}/Manifest.lock\" > /dev/null\nif [ $? != 0 ] ; then\n    # print error to STDERR\n    echo \"error: The sandbox is not in sync with the Podfile.lock. Run 'pod install' or update your CocoaPods installation.\" >&2\n    exit 1\nfi\n# This output is used by Xcode 'outputs' to avoid re-running this script phase.\necho \"SUCCESS\" > \"${SCRIPT_OUTPUT_FILE_0}\"\n";
			showEnvVarsInLog = 0;
		};
/* End PBXShellScriptBuildPhase section */

/* Begin PBXSourcesBuildPhase section */
		1A55EF5B22B888370010681A /* Sources */ = {
			isa = PBXSourcesBuildPhase;
			buildActionMask = 2147483647;
			files = (
				1A8ED72B23935149004D99D1 /* HistoryViewController.swift in Sources */,
				1A1428122385D41E009EFF6F /* Product.swift in Sources */,
				1AF583392395E99000001E60 /* HistoryTableViewCell.swift in Sources */,
				1A452D612380C3B00063899E /* SignUpViewController.swift in Sources */,
				1A55EF6B22B888370010681A /* DataDiet.xcdatamodeld in Sources */,
				1A6552322396174500D4533B /* EditEmailViewController.swift in Sources */,
				1AEA31E02382994B00E5EECE /* AccountViewController.swift in Sources */,
				1AF583372395E77500001E60 /* User.swift in Sources */,
				1A655234239618BE00D4533B /* ImportSettingsViewController.swift in Sources */,
				1A7F195D238CC67A001307E8 /* ProductChecker.swift in Sources */,
				1AEA322523855AEB00E5EECE /* ImageSetter.swift in Sources */,
				FEDCCD8A2395CC2600257C3A /* ShareUser.swift in Sources */,
				076E0A2C238DA20D004A7527 /* FriendCell.swift in Sources */,
				1A55EF6522B888370010681A /* ScannerViewController.swift in Sources */,
				1A452D632380D64D0063899E /* USDA_API.swift in Sources */,
				FE029E422395C90A00FB8F13 /* PendingFriendsViewController.swift in Sources */,
				1A6552302396174500D4533B /* EditUsernameViewController.swift in Sources */,
				FEDCCD8C2395CC8200257C3A /* FindFriendsViewController.swift in Sources */,
				1A110BCF22C2A28D00ED1D0F /* ProductViewController.swift in Sources */,
				0734910A236BA51F002BA7D0 /* ForgotPasswordViewController.swift in Sources */,
				1A65522C239615F500D4533B /* SharePersonalSettings.swift in Sources */,
				1A70FF1223825BE500932997 /* Constants.swift in Sources */,
				FE029E412395C90A00FB8F13 /* PendingCell.swift in Sources */,
				1A55EF6322B888370010681A /* AppDelegate.swift in Sources */,
				1AD19E94235A659C0004A331 /* ScannerSettingsController.swift in Sources */,
				1A6552312396174500D4533B /* EditNameViewController.swift in Sources */,
				FEDCCD882395CB1100257C3A /* ShareFriendCell.swift in Sources */,
				1AEA32102383583000E5EECE /* PersonalSettingsViewController.swift in Sources */,
				07A349642374F32A00C23FF4 /* TestViewController.swift in Sources */,
				1A452D5F238095010063899E /* LoginViewController.swift in Sources */,
				1A7161072393179D00F636A3 /* OpenFoodFactsAPI.swift in Sources */,
				076A2E7F2374FB67008BEA5E /* SettingsViewController.swift in Sources */,
			);
			runOnlyForDeploymentPostprocessing = 0;
		};
		1A55EF7222B8883A0010681A /* Sources */ = {
			isa = PBXSourcesBuildPhase;
			buildActionMask = 2147483647;
			files = (
				1A55EF7B22B8883A0010681A /* DataDietTests.swift in Sources */,
			);
			runOnlyForDeploymentPostprocessing = 0;
		};
		1A55EF7D22B8883A0010681A /* Sources */ = {
			isa = PBXSourcesBuildPhase;
			buildActionMask = 2147483647;
			files = (
				1A55EF8622B8883A0010681A /* DataDietUITests.swift in Sources */,
			);
			runOnlyForDeploymentPostprocessing = 0;
		};
/* End PBXSourcesBuildPhase section */

/* Begin PBXTargetDependency section */
		1A55EF7822B8883A0010681A /* PBXTargetDependency */ = {
			isa = PBXTargetDependency;
			target = 1A55EF5E22B888370010681A /* DataDiet */;
			targetProxy = 1A55EF7722B8883A0010681A /* PBXContainerItemProxy */;
		};
		1A55EF8322B8883A0010681A /* PBXTargetDependency */ = {
			isa = PBXTargetDependency;
			target = 1A55EF5E22B888370010681A /* DataDiet */;
			targetProxy = 1A55EF8222B8883A0010681A /* PBXContainerItemProxy */;
		};
/* End PBXTargetDependency section */

/* Begin PBXVariantGroup section */
		1A55EF6622B888370010681A /* Main.storyboard */ = {
			isa = PBXVariantGroup;
			children = (
				1A55EF6722B888370010681A /* Base */,
			);
			name = Main.storyboard;
			sourceTree = "<group>";
		};
		1A55EF6E22B8883A0010681A /* LaunchScreen.storyboard */ = {
			isa = PBXVariantGroup;
			children = (
				1A55EF6F22B8883A0010681A /* Base */,
			);
			name = LaunchScreen.storyboard;
			sourceTree = "<group>";
		};
/* End PBXVariantGroup section */

/* Begin XCBuildConfiguration section */
		1A55EF8822B8883A0010681A /* Debug */ = {
			isa = XCBuildConfiguration;
			buildSettings = {
				ALWAYS_SEARCH_USER_PATHS = NO;
				CLANG_ANALYZER_NONNULL = YES;
				CLANG_ANALYZER_NUMBER_OBJECT_CONVERSION = YES_AGGRESSIVE;
				CLANG_CXX_LANGUAGE_STANDARD = "gnu++14";
				CLANG_CXX_LIBRARY = "libc++";
				CLANG_ENABLE_MODULES = YES;
				CLANG_ENABLE_OBJC_ARC = YES;
				CLANG_ENABLE_OBJC_WEAK = YES;
				CLANG_WARN_BLOCK_CAPTURE_AUTORELEASING = YES;
				CLANG_WARN_BOOL_CONVERSION = YES;
				CLANG_WARN_COMMA = YES;
				CLANG_WARN_CONSTANT_CONVERSION = YES;
				CLANG_WARN_DEPRECATED_OBJC_IMPLEMENTATIONS = YES;
				CLANG_WARN_DIRECT_OBJC_ISA_USAGE = YES_ERROR;
				CLANG_WARN_DOCUMENTATION_COMMENTS = YES;
				CLANG_WARN_EMPTY_BODY = YES;
				CLANG_WARN_ENUM_CONVERSION = YES;
				CLANG_WARN_INFINITE_RECURSION = YES;
				CLANG_WARN_INT_CONVERSION = YES;
				CLANG_WARN_NON_LITERAL_NULL_CONVERSION = YES;
				CLANG_WARN_OBJC_IMPLICIT_RETAIN_SELF = YES;
				CLANG_WARN_OBJC_LITERAL_CONVERSION = YES;
				CLANG_WARN_OBJC_ROOT_CLASS = YES_ERROR;
				CLANG_WARN_RANGE_LOOP_ANALYSIS = YES;
				CLANG_WARN_STRICT_PROTOTYPES = YES;
				CLANG_WARN_SUSPICIOUS_MOVE = YES;
				CLANG_WARN_UNGUARDED_AVAILABILITY = YES_AGGRESSIVE;
				CLANG_WARN_UNREACHABLE_CODE = YES;
				CLANG_WARN__DUPLICATE_METHOD_MATCH = YES;
				CODE_SIGN_IDENTITY = "iPhone Developer: jhmanalo@icloud.com (9A3VR4G4X9)";
				COPY_PHASE_STRIP = NO;
				DEBUG_INFORMATION_FORMAT = dwarf;
				ENABLE_STRICT_OBJC_MSGSEND = YES;
				ENABLE_TESTABILITY = YES;
				GCC_C_LANGUAGE_STANDARD = gnu11;
				GCC_DYNAMIC_NO_PIC = NO;
				GCC_NO_COMMON_BLOCKS = YES;
				GCC_OPTIMIZATION_LEVEL = 0;
				GCC_PREPROCESSOR_DEFINITIONS = (
					"DEBUG=1",
					"$(inherited)",
				);
				GCC_WARN_64_TO_32_BIT_CONVERSION = YES;
				GCC_WARN_ABOUT_RETURN_TYPE = YES_ERROR;
				GCC_WARN_UNDECLARED_SELECTOR = YES;
				GCC_WARN_UNINITIALIZED_AUTOS = YES_AGGRESSIVE;
				GCC_WARN_UNUSED_FUNCTION = YES;
				GCC_WARN_UNUSED_VARIABLE = YES;
				IPHONEOS_DEPLOYMENT_TARGET = 12.2;
				MTL_ENABLE_DEBUG_INFO = INCLUDE_SOURCE;
				MTL_FAST_MATH = YES;
				ONLY_ACTIVE_ARCH = YES;
				OTHER_LDFLAGS = "";
				SDKROOT = iphoneos;
				SWIFT_ACTIVE_COMPILATION_CONDITIONS = DEBUG;
				SWIFT_OPTIMIZATION_LEVEL = "-Onone";
			};
			name = Debug;
		};
		1A55EF8922B8883A0010681A /* Release */ = {
			isa = XCBuildConfiguration;
			buildSettings = {
				ALWAYS_SEARCH_USER_PATHS = NO;
				CLANG_ANALYZER_NONNULL = YES;
				CLANG_ANALYZER_NUMBER_OBJECT_CONVERSION = YES_AGGRESSIVE;
				CLANG_CXX_LANGUAGE_STANDARD = "gnu++14";
				CLANG_CXX_LIBRARY = "libc++";
				CLANG_ENABLE_MODULES = YES;
				CLANG_ENABLE_OBJC_ARC = YES;
				CLANG_ENABLE_OBJC_WEAK = YES;
				CLANG_WARN_BLOCK_CAPTURE_AUTORELEASING = YES;
				CLANG_WARN_BOOL_CONVERSION = YES;
				CLANG_WARN_COMMA = YES;
				CLANG_WARN_CONSTANT_CONVERSION = YES;
				CLANG_WARN_DEPRECATED_OBJC_IMPLEMENTATIONS = YES;
				CLANG_WARN_DIRECT_OBJC_ISA_USAGE = YES_ERROR;
				CLANG_WARN_DOCUMENTATION_COMMENTS = YES;
				CLANG_WARN_EMPTY_BODY = YES;
				CLANG_WARN_ENUM_CONVERSION = YES;
				CLANG_WARN_INFINITE_RECURSION = YES;
				CLANG_WARN_INT_CONVERSION = YES;
				CLANG_WARN_NON_LITERAL_NULL_CONVERSION = YES;
				CLANG_WARN_OBJC_IMPLICIT_RETAIN_SELF = YES;
				CLANG_WARN_OBJC_LITERAL_CONVERSION = YES;
				CLANG_WARN_OBJC_ROOT_CLASS = YES_ERROR;
				CLANG_WARN_RANGE_LOOP_ANALYSIS = YES;
				CLANG_WARN_STRICT_PROTOTYPES = YES;
				CLANG_WARN_SUSPICIOUS_MOVE = YES;
				CLANG_WARN_UNGUARDED_AVAILABILITY = YES_AGGRESSIVE;
				CLANG_WARN_UNREACHABLE_CODE = YES;
				CLANG_WARN__DUPLICATE_METHOD_MATCH = YES;
				CODE_SIGN_IDENTITY = "iPhone Developer: jhmanalo@icloud.com (9A3VR4G4X9)";
				COPY_PHASE_STRIP = NO;
				DEBUG_INFORMATION_FORMAT = "dwarf-with-dsym";
				ENABLE_NS_ASSERTIONS = NO;
				ENABLE_STRICT_OBJC_MSGSEND = YES;
				GCC_C_LANGUAGE_STANDARD = gnu11;
				GCC_NO_COMMON_BLOCKS = YES;
				GCC_WARN_64_TO_32_BIT_CONVERSION = YES;
				GCC_WARN_ABOUT_RETURN_TYPE = YES_ERROR;
				GCC_WARN_UNDECLARED_SELECTOR = YES;
				GCC_WARN_UNINITIALIZED_AUTOS = YES_AGGRESSIVE;
				GCC_WARN_UNUSED_FUNCTION = YES;
				GCC_WARN_UNUSED_VARIABLE = YES;
				IPHONEOS_DEPLOYMENT_TARGET = 12.2;
				MTL_ENABLE_DEBUG_INFO = NO;
				MTL_FAST_MATH = YES;
				OTHER_LDFLAGS = "";
				SDKROOT = iphoneos;
				SWIFT_COMPILATION_MODE = wholemodule;
				SWIFT_OPTIMIZATION_LEVEL = "-O";
				VALIDATE_PRODUCT = YES;
			};
			name = Release;
		};
		1A55EF8B22B8883A0010681A /* Debug */ = {
			isa = XCBuildConfiguration;
			baseConfigurationReference = C979BC3D184A055A962993A4 /* Pods-DataDiet.debug.xcconfig */;
			buildSettings = {
				ASSETCATALOG_COMPILER_APPICON_NAME = AppIcon;
				CODE_SIGN_IDENTITY = "Apple Development";
				CODE_SIGN_STYLE = Automatic;
				DEVELOPMENT_TEAM = LVHDS8H54U;
				INFOPLIST_FILE = DataDiet/Info.plist;
				IPHONEOS_DEPLOYMENT_TARGET = 12.4;
				LD_RUNPATH_SEARCH_PATHS = (
					"$(inherited)",
					"@executable_path/Frameworks",
				);
				PRODUCT_BUNDLE_IDENTIFIER = JeremyManalo.DataDiet;
				PRODUCT_NAME = "$(TARGET_NAME)";
				PROVISIONING_PROFILE_SPECIFIER = "";
				SWIFT_VERSION = 5.0;
				TARGETED_DEVICE_FAMILY = 1;
			};
			name = Debug;
		};
		1A55EF8C22B8883A0010681A /* Release */ = {
			isa = XCBuildConfiguration;
			baseConfigurationReference = 9992B9D2AACA2C85753C8DF4 /* Pods-DataDiet.release.xcconfig */;
			buildSettings = {
				ASSETCATALOG_COMPILER_APPICON_NAME = AppIcon;
				CODE_SIGN_IDENTITY = "Apple Development";
				CODE_SIGN_STYLE = Automatic;
				DEVELOPMENT_TEAM = LVHDS8H54U;
				INFOPLIST_FILE = DataDiet/Info.plist;
				IPHONEOS_DEPLOYMENT_TARGET = 12.4;
				LD_RUNPATH_SEARCH_PATHS = (
					"$(inherited)",
					"@executable_path/Frameworks",
				);
				PRODUCT_BUNDLE_IDENTIFIER = JeremyManalo.DataDiet;
				PRODUCT_NAME = "$(TARGET_NAME)";
				PROVISIONING_PROFILE_SPECIFIER = "";
				SWIFT_VERSION = 5.0;
				TARGETED_DEVICE_FAMILY = 1;
			};
			name = Release;
		};
		1A55EF8E22B8883A0010681A /* Debug */ = {
			isa = XCBuildConfiguration;
			baseConfigurationReference = 52CC160FDE6ECB90BC56AA7A /* Pods-DataDietTests.debug.xcconfig */;
			buildSettings = {
				ALWAYS_EMBED_SWIFT_STANDARD_LIBRARIES = YES;
				BUNDLE_LOADER = "$(TEST_HOST)";
				CODE_SIGN_STYLE = Automatic;
				DEVELOPMENT_TEAM = LVHDS8H54U;
				INFOPLIST_FILE = DataDietTests/Info.plist;
				LD_RUNPATH_SEARCH_PATHS = (
					"$(inherited)",
					"@executable_path/Frameworks",
					"@loader_path/Frameworks",
				);
				PRODUCT_BUNDLE_IDENTIFIER = JeremyManalo.DataDietTests;
				PRODUCT_NAME = "$(TARGET_NAME)";
				SWIFT_VERSION = 5.0;
				TARGETED_DEVICE_FAMILY = "1,2";
				TEST_HOST = "$(BUILT_PRODUCTS_DIR)/DataDiet.app/DataDiet";
			};
			name = Debug;
		};
		1A55EF8F22B8883A0010681A /* Release */ = {
			isa = XCBuildConfiguration;
			baseConfigurationReference = F44965AD0E0553129565045D /* Pods-DataDietTests.release.xcconfig */;
			buildSettings = {
				ALWAYS_EMBED_SWIFT_STANDARD_LIBRARIES = YES;
				BUNDLE_LOADER = "$(TEST_HOST)";
				CODE_SIGN_STYLE = Automatic;
				DEVELOPMENT_TEAM = LVHDS8H54U;
				INFOPLIST_FILE = DataDietTests/Info.plist;
				LD_RUNPATH_SEARCH_PATHS = (
					"$(inherited)",
					"@executable_path/Frameworks",
					"@loader_path/Frameworks",
				);
				PRODUCT_BUNDLE_IDENTIFIER = JeremyManalo.DataDietTests;
				PRODUCT_NAME = "$(TARGET_NAME)";
				SWIFT_VERSION = 5.0;
				TARGETED_DEVICE_FAMILY = "1,2";
				TEST_HOST = "$(BUILT_PRODUCTS_DIR)/DataDiet.app/DataDiet";
			};
			name = Release;
		};
		1A55EF9122B8883A0010681A /* Debug */ = {
			isa = XCBuildConfiguration;
			baseConfigurationReference = D045051A4E6099596673C31E /* Pods-DataDietUITests.debug.xcconfig */;
			buildSettings = {
				ALWAYS_EMBED_SWIFT_STANDARD_LIBRARIES = YES;
				CODE_SIGN_STYLE = Automatic;
				DEVELOPMENT_TEAM = LVHDS8H54U;
				INFOPLIST_FILE = DataDietUITests/Info.plist;
				LD_RUNPATH_SEARCH_PATHS = (
					"$(inherited)",
					"@executable_path/Frameworks",
					"@loader_path/Frameworks",
				);
				PRODUCT_BUNDLE_IDENTIFIER = JeremyManalo.DataDietUITests;
				PRODUCT_NAME = "$(TARGET_NAME)";
				SWIFT_VERSION = 5.0;
				TARGETED_DEVICE_FAMILY = "1,2";
				TEST_TARGET_NAME = DataDiet;
			};
			name = Debug;
		};
		1A55EF9222B8883A0010681A /* Release */ = {
			isa = XCBuildConfiguration;
			baseConfigurationReference = B71D21BA48F88DA4C74A08DA /* Pods-DataDietUITests.release.xcconfig */;
			buildSettings = {
				ALWAYS_EMBED_SWIFT_STANDARD_LIBRARIES = YES;
				CODE_SIGN_STYLE = Automatic;
				DEVELOPMENT_TEAM = LVHDS8H54U;
				INFOPLIST_FILE = DataDietUITests/Info.plist;
				LD_RUNPATH_SEARCH_PATHS = (
					"$(inherited)",
					"@executable_path/Frameworks",
					"@loader_path/Frameworks",
				);
				PRODUCT_BUNDLE_IDENTIFIER = JeremyManalo.DataDietUITests;
				PRODUCT_NAME = "$(TARGET_NAME)";
				SWIFT_VERSION = 5.0;
				TARGETED_DEVICE_FAMILY = "1,2";
				TEST_TARGET_NAME = DataDiet;
			};
			name = Release;
		};
/* End XCBuildConfiguration section */

/* Begin XCConfigurationList section */
		1A55EF5A22B888370010681A /* Build configuration list for PBXProject "DataDiet" */ = {
			isa = XCConfigurationList;
			buildConfigurations = (
				1A55EF8822B8883A0010681A /* Debug */,
				1A55EF8922B8883A0010681A /* Release */,
			);
			defaultConfigurationIsVisible = 0;
			defaultConfigurationName = Release;
		};
		1A55EF8A22B8883A0010681A /* Build configuration list for PBXNativeTarget "DataDiet" */ = {
			isa = XCConfigurationList;
			buildConfigurations = (
				1A55EF8B22B8883A0010681A /* Debug */,
				1A55EF8C22B8883A0010681A /* Release */,
			);
			defaultConfigurationIsVisible = 0;
			defaultConfigurationName = Release;
		};
		1A55EF8D22B8883A0010681A /* Build configuration list for PBXNativeTarget "DataDietTests" */ = {
			isa = XCConfigurationList;
			buildConfigurations = (
				1A55EF8E22B8883A0010681A /* Debug */,
				1A55EF8F22B8883A0010681A /* Release */,
			);
			defaultConfigurationIsVisible = 0;
			defaultConfigurationName = Release;
		};
		1A55EF9022B8883A0010681A /* Build configuration list for PBXNativeTarget "DataDietUITests" */ = {
			isa = XCConfigurationList;
			buildConfigurations = (
				1A55EF9122B8883A0010681A /* Debug */,
				1A55EF9222B8883A0010681A /* Release */,
			);
			defaultConfigurationIsVisible = 0;
			defaultConfigurationName = Release;
		};
/* End XCConfigurationList section */

/* Begin XCVersionGroup section */
		1A55EF6922B888370010681A /* DataDiet.xcdatamodeld */ = {
			isa = XCVersionGroup;
			children = (
				1A55EF6A22B888370010681A /* DataDiet.xcdatamodel */,
			);
			currentVersion = 1A55EF6A22B888370010681A /* DataDiet.xcdatamodel */;
			path = DataDiet.xcdatamodeld;
			sourceTree = "<group>";
			versionGroupType = wrapper.xcdatamodel;
		};
/* End XCVersionGroup section */
	};
	rootObject = 1A55EF5722B888370010681A /* Project object */;
}
